// !$*UTF8*$!
{
	archiveVersion = 1;
	classes = {
	};
	objectVersion = 46;
	objects = {

/* Begin PBXBuildFile section */
		9BAA38E515E1726F00116E8E /* UIKit.framework in Frameworks */ = {isa = PBXBuildFile; fileRef = 9BAA38E415E1726F00116E8E /* UIKit.framework */; };
		9BAA38E715E1726F00116E8E /* Foundation.framework in Frameworks */ = {isa = PBXBuildFile; fileRef = 9BAA38E615E1726F00116E8E /* Foundation.framework */; };
		9BAA38E915E1726F00116E8E /* CoreGraphics.framework in Frameworks */ = {isa = PBXBuildFile; fileRef = 9BAA38E815E1726F00116E8E /* CoreGraphics.framework */; };
		9BAA38EB15E1726F00116E8E /* CoreData.framework in Frameworks */ = {isa = PBXBuildFile; fileRef = 9BAA38EA15E1726F00116E8E /* CoreData.framework */; };
		9BAA38F115E1726F00116E8E /* InfoPlist.strings in Resources */ = {isa = PBXBuildFile; fileRef = 9BAA38EF15E1726F00116E8E /* InfoPlist.strings */; };
		9BAA38F315E1726F00116E8E /* main.m in Sources */ = {isa = PBXBuildFile; fileRef = 9BAA38F215E1726F00116E8E /* main.m */; };
		9BAA38F715E1726F00116E8E /* AppDelegate.m in Sources */ = {isa = PBXBuildFile; fileRef = 9BAA38F615E1726F00116E8E /* AppDelegate.m */; };
		9BAA38FA15E1726F00116E8E /* TenMinuters.xcdatamodeld in Sources */ = {isa = PBXBuildFile; fileRef = 9BAA38F815E1726F00116E8E /* TenMinuters.xcdatamodeld */; };
		9BAA390215E1726F00116E8E /* SenTestingKit.framework in Frameworks */ = {isa = PBXBuildFile; fileRef = 9BAA390115E1726F00116E8E /* SenTestingKit.framework */; };
		9BAA390315E1726F00116E8E /* UIKit.framework in Frameworks */ = {isa = PBXBuildFile; fileRef = 9BAA38E415E1726F00116E8E /* UIKit.framework */; };
		9BAA390415E1726F00116E8E /* Foundation.framework in Frameworks */ = {isa = PBXBuildFile; fileRef = 9BAA38E615E1726F00116E8E /* Foundation.framework */; };
		9BAA390515E1726F00116E8E /* CoreData.framework in Frameworks */ = {isa = PBXBuildFile; fileRef = 9BAA38EA15E1726F00116E8E /* CoreData.framework */; };
		9BAA390D15E1726F00116E8E /* InfoPlist.strings in Resources */ = {isa = PBXBuildFile; fileRef = 9BAA390B15E1726F00116E8E /* InfoPlist.strings */; };
		9BAA391015E1726F00116E8E /* TenMinutersTests.m in Sources */ = {isa = PBXBuildFile; fileRef = 9BAA390F15E1726F00116E8E /* TenMinutersTests.m */; };
		9BAA393815E1748700116E8E /* README.md in Resources */ = {isa = PBXBuildFile; fileRef = 9BAA393715E1748700116E8E /* README.md */; };
/* End PBXBuildFile section */

/* Begin PBXContainerItemProxy section */
		9BAA390615E1726F00116E8E /* PBXContainerItemProxy */ = {
			isa = PBXContainerItemProxy;
			containerPortal = 9BAA38D715E1726F00116E8E /* Project object */;
			proxyType = 1;
			remoteGlobalIDString = 9BAA38DF15E1726F00116E8E;
			remoteInfo = TenMinuters;
		};
/* End PBXContainerItemProxy section */

/* Begin PBXFileReference section */
		9BAA38E015E1726F00116E8E /* TenMinuters.app */ = {isa = PBXFileReference; explicitFileType = wrapper.application; includeInIndex = 0; path = TenMinuters.app; sourceTree = BUILT_PRODUCTS_DIR; };
		9BAA38E415E1726F00116E8E /* UIKit.framework */ = {isa = PBXFileReference; lastKnownFileType = wrapper.framework; name = UIKit.framework; path = System/Library/Frameworks/UIKit.framework; sourceTree = SDKROOT; };
		9BAA38E615E1726F00116E8E /* Foundation.framework */ = {isa = PBXFileReference; lastKnownFileType = wrapper.framework; name = Foundation.framework; path = System/Library/Frameworks/Foundation.framework; sourceTree = SDKROOT; };
		9BAA38E815E1726F00116E8E /* CoreGraphics.framework */ = {isa = PBXFileReference; lastKnownFileType = wrapper.framework; name = CoreGraphics.framework; path = System/Library/Frameworks/CoreGraphics.framework; sourceTree = SDKROOT; };
		9BAA38EA15E1726F00116E8E /* CoreData.framework */ = {isa = PBXFileReference; lastKnownFileType = wrapper.framework; name = CoreData.framework; path = System/Library/Frameworks/CoreData.framework; sourceTree = SDKROOT; };
		9BAA38EE15E1726F00116E8E /* TenMinuters-Info.plist */ = {isa = PBXFileReference; lastKnownFileType = text.plist.xml; path = "TenMinuters-Info.plist"; sourceTree = "<group>"; };
		9BAA38F015E1726F00116E8E /* en */ = {isa = PBXFileReference; lastKnownFileType = text.plist.strings; name = en; path = en.lproj/InfoPlist.strings; sourceTree = "<group>"; };
		9BAA38F215E1726F00116E8E /* main.m */ = {isa = PBXFileReference; lastKnownFileType = sourcecode.c.objc; path = main.m; sourceTree = "<group>"; };
		9BAA38F415E1726F00116E8E /* TenMinuters-Prefix.pch */ = {isa = PBXFileReference; lastKnownFileType = sourcecode.c.h; path = "TenMinuters-Prefix.pch"; sourceTree = "<group>"; };
		9BAA38F515E1726F00116E8E /* AppDelegate.h */ = {isa = PBXFileReference; lastKnownFileType = sourcecode.c.h; path = AppDelegate.h; sourceTree = "<group>"; };
		9BAA38F615E1726F00116E8E /* AppDelegate.m */ = {isa = PBXFileReference; lastKnownFileType = sourcecode.c.objc; path = AppDelegate.m; sourceTree = "<group>"; };
		9BAA38F915E1726F00116E8E /* TenMinuters.xcdatamodel */ = {isa = PBXFileReference; lastKnownFileType = wrapper.xcdatamodel; path = TenMinuters.xcdatamodel; sourceTree = "<group>"; };
		9BAA390015E1726F00116E8E /* TenMinutersTests.octest */ = {isa = PBXFileReference; explicitFileType = wrapper.cfbundle; includeInIndex = 0; path = TenMinutersTests.octest; sourceTree = BUILT_PRODUCTS_DIR; };
		9BAA390115E1726F00116E8E /* SenTestingKit.framework */ = {isa = PBXFileReference; lastKnownFileType = wrapper.framework; name = SenTestingKit.framework; path = Library/Frameworks/SenTestingKit.framework; sourceTree = DEVELOPER_DIR; };
		9BAA390A15E1726F00116E8E /* TenMinutersTests-Info.plist */ = {isa = PBXFileReference; lastKnownFileType = text.plist.xml; path = "TenMinutersTests-Info.plist"; sourceTree = "<group>"; };
		9BAA390C15E1726F00116E8E /* en */ = {isa = PBXFileReference; lastKnownFileType = text.plist.strings; name = en; path = en.lproj/InfoPlist.strings; sourceTree = "<group>"; };
		9BAA390E15E1726F00116E8E /* TenMinutersTests.h */ = {isa = PBXFileReference; lastKnownFileType = sourcecode.c.h; path = TenMinutersTests.h; sourceTree = "<group>"; };
		9BAA390F15E1726F00116E8E /* TenMinutersTests.m */ = {isa = PBXFileReference; lastKnownFileType = sourcecode.c.objc; path = TenMinutersTests.m; sourceTree = "<group>"; };
		9BAA393715E1748700116E8E /* README.md */ = {isa = PBXFileReference; fileEncoding = 4; lastKnownFileType = text; path = README.md; sourceTree = "<group>"; };
/* End PBXFileReference section */

/* Begin PBXFrameworksBuildPhase section */
		9BAA38DD15E1726F00116E8E /* Frameworks */ = {
			isa = PBXFrameworksBuildPhase;
			buildActionMask = 2147483647;
			files = (
				9BAA38E515E1726F00116E8E /* UIKit.framework in Frameworks */,
				9BAA38E715E1726F00116E8E /* Foundation.framework in Frameworks */,
				9BAA38E915E1726F00116E8E /* CoreGraphics.framework in Frameworks */,
				9BAA38EB15E1726F00116E8E /* CoreData.framework in Frameworks */,
			);
			runOnlyForDeploymentPostprocessing = 0;
		};
		9BAA38FC15E1726F00116E8E /* Frameworks */ = {
			isa = PBXFrameworksBuildPhase;
			buildActionMask = 2147483647;
			files = (
				9BAA390215E1726F00116E8E /* SenTestingKit.framework in Frameworks */,
				9BAA390315E1726F00116E8E /* UIKit.framework in Frameworks */,
				9BAA390415E1726F00116E8E /* Foundation.framework in Frameworks */,
				9BAA390515E1726F00116E8E /* CoreData.framework in Frameworks */,
			);
			runOnlyForDeploymentPostprocessing = 0;
		};
/* End PBXFrameworksBuildPhase section */

/* Begin PBXGroup section */
		9BAA38D515E1726F00116E8E = {
			isa = PBXGroup;
			children = (
				9BAA393715E1748700116E8E /* README.md */,
				9BAA38EC15E1726F00116E8E /* TenMinuters */,
				9BAA390815E1726F00116E8E /* TenMinutersTests */,
				9BAA38E315E1726F00116E8E /* Frameworks */,
				9BAA38E115E1726F00116E8E /* Products */,
			);
			sourceTree = "<group>";
		};
		9BAA38E115E1726F00116E8E /* Products */ = {
			isa = PBXGroup;
			children = (
				9BAA38E015E1726F00116E8E /* TenMinuters.app */,
				9BAA390015E1726F00116E8E /* TenMinutersTests.octest */,
			);
			name = Products;
			sourceTree = "<group>";
		};
		9BAA38E315E1726F00116E8E /* Frameworks */ = {
			isa = PBXGroup;
			children = (
				9BAA38E415E1726F00116E8E /* UIKit.framework */,
				9BAA38E615E1726F00116E8E /* Foundation.framework */,
				9BAA38E815E1726F00116E8E /* CoreGraphics.framework */,
				9BAA38EA15E1726F00116E8E /* CoreData.framework */,
				9BAA390115E1726F00116E8E /* SenTestingKit.framework */,
			);
			name = Frameworks;
			sourceTree = "<group>";
		};
		9BAA38EC15E1726F00116E8E /* TenMinuters */ = {
			isa = PBXGroup;
			children = (
				9BAA38F515E1726F00116E8E /* AppDelegate.h */,
				9BAA38F615E1726F00116E8E /* AppDelegate.m */,
				9BAA38F815E1726F00116E8E /* TenMinuters.xcdatamodeld */,
				9BAA38ED15E1726F00116E8E /* Supporting Files */,
			);
			path = TenMinuters;
			sourceTree = "<group>";
		};
		9BAA38ED15E1726F00116E8E /* Supporting Files */ = {
			isa = PBXGroup;
			children = (
				9BAA38EE15E1726F00116E8E /* TenMinuters-Info.plist */,
				9BAA38EF15E1726F00116E8E /* InfoPlist.strings */,
				9BAA38F215E1726F00116E8E /* main.m */,
				9BAA38F415E1726F00116E8E /* TenMinuters-Prefix.pch */,
			);
			name = "Supporting Files";
			sourceTree = "<group>";
		};
		9BAA390815E1726F00116E8E /* TenMinutersTests */ = {
			isa = PBXGroup;
			children = (
				9BAA390E15E1726F00116E8E /* TenMinutersTests.h */,
				9BAA390F15E1726F00116E8E /* TenMinutersTests.m */,
				9BAA390915E1726F00116E8E /* Supporting Files */,
			);
			path = TenMinutersTests;
			sourceTree = "<group>";
		};
		9BAA390915E1726F00116E8E /* Supporting Files */ = {
			isa = PBXGroup;
			children = (
				9BAA390A15E1726F00116E8E /* TenMinutersTests-Info.plist */,
				9BAA390B15E1726F00116E8E /* InfoPlist.strings */,
			);
			name = "Supporting Files";
			sourceTree = "<group>";
		};
/* End PBXGroup section */

/* Begin PBXNativeTarget section */
		9BAA38DF15E1726F00116E8E /* TenMinuters */ = {
			isa = PBXNativeTarget;
			buildConfigurationList = 9BAA391315E1726F00116E8E /* Build configuration list for PBXNativeTarget "TenMinuters" */;
			buildPhases = (
				9BAA38DC15E1726F00116E8E /* Sources */,
				9BAA38DD15E1726F00116E8E /* Frameworks */,
				9BAA38DE15E1726F00116E8E /* Resources */,
			);
			buildRules = (
			);
			dependencies = (
			);
			name = TenMinuters;
			productName = TenMinuters;
			productReference = 9BAA38E015E1726F00116E8E /* TenMinuters.app */;
			productType = "com.apple.product-type.application";
		};
		9BAA38FF15E1726F00116E8E /* TenMinutersTests */ = {
			isa = PBXNativeTarget;
			buildConfigurationList = 9BAA391615E1726F00116E8E /* Build configuration list for PBXNativeTarget "TenMinutersTests" */;
			buildPhases = (
				9BAA38FB15E1726F00116E8E /* Sources */,
				9BAA38FC15E1726F00116E8E /* Frameworks */,
				9BAA38FD15E1726F00116E8E /* Resources */,
				9BAA38FE15E1726F00116E8E /* ShellScript */,
			);
			buildRules = (
			);
			dependencies = (
				9BAA390715E1726F00116E8E /* PBXTargetDependency */,
			);
			name = TenMinutersTests;
			productName = TenMinutersTests;
			productReference = 9BAA390015E1726F00116E8E /* TenMinutersTests.octest */;
			productType = "com.apple.product-type.bundle";
		};
/* End PBXNativeTarget section */

/* Begin PBXProject section */
		9BAA38D715E1726F00116E8E /* Project object */ = {
			isa = PBXProject;
			attributes = {
				LastUpgradeCheck = 0420;
				ORGANIZATIONNAME = "Carnegie Mellon University";
			};
			buildConfigurationList = 9BAA38DA15E1726F00116E8E /* Build configuration list for PBXProject "TenMinuters" */;
			compatibilityVersion = "Xcode 3.2";
			developmentRegion = English;
			hasScannedForEncodings = 0;
			knownRegions = (
				en,
			);
			mainGroup = 9BAA38D515E1726F00116E8E;
			productRefGroup = 9BAA38E115E1726F00116E8E /* Products */;
			projectDirPath = "";
			projectRoot = "";
			targets = (
				9BAA38DF15E1726F00116E8E /* TenMinuters */,
				9BAA38FF15E1726F00116E8E /* TenMinutersTests */,
			);
		};
/* End PBXProject section */

/* Begin PBXResourcesBuildPhase section */
		9BAA38DE15E1726F00116E8E /* Resources */ = {
			isa = PBXResourcesBuildPhase;
			buildActionMask = 2147483647;
			files = (
				9BAA38F115E1726F00116E8E /* InfoPlist.strings in Resources */,
				9BAA393815E1748700116E8E /* README.md in Resources */,
			);
			runOnlyForDeploymentPostprocessing = 0;
		};
		9BAA38FD15E1726F00116E8E /* Resources */ = {
			isa = PBXResourcesBuildPhase;
			buildActionMask = 2147483647;
			files = (
				9BAA390D15E1726F00116E8E /* InfoPlist.strings in Resources */,
			);
			runOnlyForDeploymentPostprocessing = 0;
		};
/* End PBXResourcesBuildPhase section */

/* Begin PBXShellScriptBuildPhase section */
		9BAA38FE15E1726F00116E8E /* ShellScript */ = {
			isa = PBXShellScriptBuildPhase;
			buildActionMask = 2147483647;
			files = (
			);
			inputPaths = (
			);
			outputPaths = (
			);
			runOnlyForDeploymentPostprocessing = 0;
			shellPath = /bin/sh;
			shellScript = "# Run the unit tests in this test bundle.\n\"${SYSTEM_DEVELOPER_DIR}/Tools/RunUnitTests\"\n";
		};
/* End PBXShellScriptBuildPhase section */

/* Begin PBXSourcesBuildPhase section */
		9BAA38DC15E1726F00116E8E /* Sources */ = {
			isa = PBXSourcesBuildPhase;
			buildActionMask = 2147483647;
			files = (
				9BAA38F315E1726F00116E8E /* main.m in Sources */,
				9BAA38F715E1726F00116E8E /* AppDelegate.m in Sources */,
				9BAA38FA15E1726F00116E8E /* TenMinuters.xcdatamodeld in Sources */,
			);
			runOnlyForDeploymentPostprocessing = 0;
		};
		9BAA38FB15E1726F00116E8E /* Sources */ = {
			isa = PBXSourcesBuildPhase;
			buildActionMask = 2147483647;
			files = (
				9BAA391015E1726F00116E8E /* TenMinutersTests.m in Sources */,
			);
			runOnlyForDeploymentPostprocessing = 0;
		};
/* End PBXSourcesBuildPhase section */

/* Begin PBXTargetDependency section */
		9BAA390715E1726F00116E8E /* PBXTargetDependency */ = {
			isa = PBXTargetDependency;
			target = 9BAA38DF15E1726F00116E8E /* TenMinuters */;
			targetProxy = 9BAA390615E1726F00116E8E /* PBXContainerItemProxy */;
		};
/* End PBXTargetDependency section */

/* Begin PBXVariantGroup section */
		9BAA38EF15E1726F00116E8E /* InfoPlist.strings */ = {
			isa = PBXVariantGroup;
			children = (
				9BAA38F015E1726F00116E8E /* en */,
			);
			name = InfoPlist.strings;
			sourceTree = "<group>";
		};
		9BAA390B15E1726F00116E8E /* InfoPlist.strings */ = {
			isa = PBXVariantGroup;
			children = (
				9BAA390C15E1726F00116E8E /* en */,
			);
			name = InfoPlist.strings;
			sourceTree = "<group>";
		};
/* End PBXVariantGroup section */

/* Begin XCBuildConfiguration section */
		9BAA391115E1726F00116E8E /* Debug */ = {
			isa = XCBuildConfiguration;
			buildSettings = {
				ALWAYS_SEARCH_USER_PATHS = NO;
				ARCHS = "$(ARCHS_STANDARD_32_BIT)";
				CLANG_ENABLE_OBJC_ARC = YES;
				"CODE_SIGN_IDENTITY[sdk=iphoneos*]" = "iPhone Developer";
				COPY_PHASE_STRIP = NO;
				GCC_C_LANGUAGE_STANDARD = gnu99;
				GCC_DYNAMIC_NO_PIC = NO;
				GCC_OPTIMIZATION_LEVEL = 0;
				GCC_PREPROCESSOR_DEFINITIONS = (
					"DEBUG=1",
					"$(inherited)",
				);
				GCC_SYMBOLS_PRIVATE_EXTERN = NO;
				GCC_VERSION = com.apple.compilers.llvm.clang.1_0;
				GCC_WARN_ABOUT_MISSING_PROTOTYPES = YES;
				GCC_WARN_ABOUT_RETURN_TYPE = YES;
				GCC_WARN_UNUSED_VARIABLE = YES;
				IPHONEOS_DEPLOYMENT_TARGET = 5.1;
				SDKROOT = iphoneos;
			};
			name = Debug;
		};
		9BAA391215E1726F00116E8E /* Release */ = {
			isa = XCBuildConfiguration;
			buildSettings = {
				ALWAYS_SEARCH_USER_PATHS = NO;
				ARCHS = "$(ARCHS_STANDARD_32_BIT)";
				CLANG_ENABLE_OBJC_ARC = YES;
				"CODE_SIGN_IDENTITY[sdk=iphoneos*]" = "iPhone Developer";
				COPY_PHASE_STRIP = YES;
				GCC_C_LANGUAGE_STANDARD = gnu99;
				GCC_VERSION = com.apple.compilers.llvm.clang.1_0;
				GCC_WARN_ABOUT_MISSING_PROTOTYPES = YES;
				GCC_WARN_ABOUT_RETURN_TYPE = YES;
				GCC_WARN_UNUSED_VARIABLE = YES;
				IPHONEOS_DEPLOYMENT_TARGET = 5.1;
				OTHER_CFLAGS = "-DNS_BLOCK_ASSERTIONS=1";
				SDKROOT = iphoneos;
				VALIDATE_PRODUCT = YES;
			};
			name = Release;
		};
		9BAA391415E1726F00116E8E /* Debug */ = {
			isa = XCBuildConfiguration;
			buildSettings = {
				GCC_PRECOMPILE_PREFIX_HEADER = YES;
				GCC_PREFIX_HEADER = "TenMinuters/TenMinuters-Prefix.pch";
				INFOPLIST_FILE = "TenMinuters/TenMinuters-Info.plist";
				PRODUCT_NAME = "$(TARGET_NAME)";
				WRAPPER_EXTENSION = app;
			};
			name = Debug;
		};
		9BAA391515E1726F00116E8E /* Release */ = {
			isa = XCBuildConfiguration;
			buildSettings = {
				GCC_PRECOMPILE_PREFIX_HEADER = YES;
				GCC_PREFIX_HEADER = "TenMinuters/TenMinuters-Prefix.pch";
				INFOPLIST_FILE = "TenMinuters/TenMinuters-Info.plist";
				PRODUCT_NAME = "$(TARGET_NAME)";
				WRAPPER_EXTENSION = app;
			};
			name = Release;
		};
		9BAA391715E1726F00116E8E /* Debug */ = {
			isa = XCBuildConfiguration;
			buildSettings = {
				BUNDLE_LOADER = "$(BUILT_PRODUCTS_DIR)/TenMinuters.app/TenMinuters";
				FRAMEWORK_SEARCH_PATHS = (
					"$(SDKROOT)/Developer/Library/Frameworks",
					"$(DEVELOPER_LIBRARY_DIR)/Frameworks",
				);
				GCC_PRECOMPILE_PREFIX_HEADER = YES;
				GCC_PREFIX_HEADER = "TenMinuters/TenMinuters-Prefix.pch";
				INFOPLIST_FILE = "TenMinutersTests/TenMinutersTests-Info.plist";
				PRODUCT_NAME = "$(TARGET_NAME)";
				TEST_HOST = "$(BUNDLE_LOADER)";
				WRAPPER_EXTENSION = octest;
			};
			name = Debug;
		};
		9BAA391815E1726F00116E8E /* Release */ = {
			isa = XCBuildConfiguration;
			buildSettings = {
				BUNDLE_LOADER = "$(BUILT_PRODUCTS_DIR)/TenMinuters.app/TenMinuters";
				FRAMEWORK_SEARCH_PATHS = (
					"$(SDKROOT)/Developer/Library/Frameworks",
					"$(DEVELOPER_LIBRARY_DIR)/Frameworks",
				);
				GCC_PRECOMPILE_PREFIX_HEADER = YES;
				GCC_PREFIX_HEADER = "TenMinuters/TenMinuters-Prefix.pch";
				INFOPLIST_FILE = "TenMinutersTests/TenMinutersTests-Info.plist";
				PRODUCT_NAME = "$(TARGET_NAME)";
				TEST_HOST = "$(BUNDLE_LOADER)";
				WRAPPER_EXTENSION = octest;
			};
			name = Release;
		};
/* End XCBuildConfiguration section */

/* Begin XCConfigurationList section */
		9BAA38DA15E1726F00116E8E /* Build configuration list for PBXProject "TenMinuters" */ = {
			isa = XCConfigurationList;
			buildConfigurations = (
				9BAA391115E1726F00116E8E /* Debug */,
				9BAA391215E1726F00116E8E /* Release */,
			);
			defaultConfigurationIsVisible = 0;
			defaultConfigurationName = Release;
		};
		9BAA391315E1726F00116E8E /* Build configuration list for PBXNativeTarget "TenMinuters" */ = {
			isa = XCConfigurationList;
			buildConfigurations = (
				9BAA391415E1726F00116E8E /* Debug */,
				9BAA391515E1726F00116E8E /* Release */,
			);
			defaultConfigurationIsVisible = 0;
		};
		9BAA391615E1726F00116E8E /* Build configuration list for PBXNativeTarget "TenMinutersTests" */ = {
			isa = XCConfigurationList;
			buildConfigurations = (
				9BAA391715E1726F00116E8E /* Debug */,
				9BAA391815E1726F00116E8E /* Release */,
			);
			defaultConfigurationIsVisible = 0;
		};
/* End XCConfigurationList section */

/* Begin XCVersionGroup section */
		9BAA38F815E1726F00116E8E /* TenMinuters.xcdatamodeld */ = {
			isa = XCVersionGroup;
			children = (
				9BAA38F915E1726F00116E8E /* TenMinuters.xcdatamodel */,
			);
			currentVersion = 9BAA38F915E1726F00116E8E /* TenMinuters.xcdatamodel */;
			path = TenMinuters.xcdatamodeld;
			sourceTree = "<group>";
			versionGroupType = wrapper.xcdatamodel;
		};
/* End XCVersionGroup section */
	};
	rootObject = 9BAA38D715E1726F00116E8E /* Project object */;
}
