// !$*UTF8*$!
{
	archiveVersion = 1;
	classes = {
	};
	objectVersion = 46;
	objects = {

/* Begin PBXBuildFile section */
		9BAA38E515E1726F00116E8E /* UIKit.framework in Frameworks */ = {isa = PBXBuildFile; fileRef = 9BAA38E415E1726F00116E8E /* UIKit.framework */; };
		9BAA38E715E1726F00116E8E /* Foundation.framework in Frameworks */ = {isa = PBXBuildFile; fileRef = 9BAA38E615E1726F00116E8E /* Foundation.framework */; };
		9BAA38E915E1726F00116E8E /* CoreGraphics.framework in Frameworks */ = {isa = PBXBuildFile; fileRef = 9BAA38E815E1726F00116E8E /* CoreGraphics.framework */; };
		9BAA38EB15E1726F00116E8E /* CoreData.framework in Frameworks */ = {isa = PBXBuildFile; fileRef = 9BAA38EA15E1726F00116E8E /* CoreData.framework */; };
		9BAA390215E1726F00116E8E /* SenTestingKit.framework in Frameworks */ = {isa = PBXBuildFile; fileRef = 9BAA390115E1726F00116E8E /* SenTestingKit.framework */; };
		9BAA390315E1726F00116E8E /* UIKit.framework in Frameworks */ = {isa = PBXBuildFile; fileRef = 9BAA38E415E1726F00116E8E /* UIKit.framework */; };
		9BAA390415E1726F00116E8E /* Foundation.framework in Frameworks */ = {isa = PBXBuildFile; fileRef = 9BAA38E615E1726F00116E8E /* Foundation.framework */; };
		9BAA390515E1726F00116E8E /* CoreData.framework in Frameworks */ = {isa = PBXBuildFile; fileRef = 9BAA38EA15E1726F00116E8E /* CoreData.framework */; };
		9BAA390D15E1726F00116E8E /* InfoPlist.strings in Resources */ = {isa = PBXBuildFile; fileRef = 9BAA390B15E1726F00116E8E /* InfoPlist.strings */; };
		9BAA391015E1726F00116E8E /* TenMinutersTests.m in Sources */ = {isa = PBXBuildFile; fileRef = 9BAA390F15E1726F00116E8E /* TenMinutersTests.m */; };
		9BAA393815E1748700116E8E /* README.md in Resources */ = {isa = PBXBuildFile; fileRef = 9BAA393715E1748700116E8E /* README.md */; };
		9BAA396415E17D0400116E8E /* AppDelegate.m in Sources */ = {isa = PBXBuildFile; fileRef = 9BAA395515E17D0400116E8E /* AppDelegate.m */; };
		9BAA396515E17D0400116E8E /* InfoPlist.strings in Resources */ = {isa = PBXBuildFile; fileRef = 9BAA395915E17D0400116E8E /* InfoPlist.strings */; };
		9BAA396615E17D0400116E8E /* main.m in Sources */ = {isa = PBXBuildFile; fileRef = 9BAA395B15E17D0400116E8E /* main.m */; };
		9BAA396715E17D0400116E8E /* TenMinuters-Info.plist in Resources */ = {isa = PBXBuildFile; fileRef = 9BAA396015E17D0400116E8E /* TenMinuters-Info.plist */; };
		9BAA396815E17D0400116E8E /* TenMinuters.xcdatamodeld in Sources */ = {isa = PBXBuildFile; fileRef = 9BAA396215E17D0400116E8E /* TenMinuters.xcdatamodeld */; };
		9BAA396C15E19C1300116E8E /* DetailViewController.xib in Resources */ = {isa = PBXBuildFile; fileRef = 9BAA396915E19C1300116E8E /* DetailViewController.xib */; };
		9BAA396D15E19C1300116E8E /* HomeViewController.xib in Resources */ = {isa = PBXBuildFile; fileRef = 9BAA396A15E19C1300116E8E /* HomeViewController.xib */; };
		9BAA396E15E19C1300116E8E /* ListViewController.xib in Resources */ = {isa = PBXBuildFile; fileRef = 9BAA396B15E19C1300116E8E /* ListViewController.xib */; };
		9BAA397115E19C3100116E8E /* Constant.m in Sources */ = {isa = PBXBuildFile; fileRef = 9BAA397015E19C3100116E8E /* Constant.m */; };
		9BAA397715E19E0400116E8E /* News.m in Sources */ = {isa = PBXBuildFile; fileRef = 9BAA397315E19E0400116E8E /* News.m */; };
		9BAA397815E19E0400116E8E /* NYTNewsWire.m in Sources */ = {isa = PBXBuildFile; fileRef = 9BAA397615E19E0400116E8E /* NYTNewsWire.m */; };
		9BAA397C15E19E1B00116E8E /* ContentManager.m in Sources */ = {isa = PBXBuildFile; fileRef = 9BAA397A15E19E1B00116E8E /* ContentManager.m */; };
		9BAA398315E19E3E00116E8E /* DetailViewController.m in Sources */ = {isa = PBXBuildFile; fileRef = 9BAA397E15E19E3E00116E8E /* DetailViewController.m */; };
		9BAA398415E19E3E00116E8E /* HomeViewController.m in Sources */ = {isa = PBXBuildFile; fileRef = 9BAA398015E19E3E00116E8E /* HomeViewController.m */; };
		9BAA398515E19E3E00116E8E /* ListViewController.m in Sources */ = {isa = PBXBuildFile; fileRef = 9BAA398215E19E3E00116E8E /* ListViewController.m */; };
		9BAA3E9115E1A33E00116E8E /* CFNetwork.framework in Frameworks */ = {isa = PBXBuildFile; fileRef = 9BAA3E9015E1A33E00116E8E /* CFNetwork.framework */; };
		9BAA3E9315E1A35500116E8E /* MobileCoreServices.framework in Frameworks */ = {isa = PBXBuildFile; fileRef = 9BAA3E9215E1A35500116E8E /* MobileCoreServices.framework */; };
		9BAA3E9515E1A36300116E8E /* Security.framework in Frameworks */ = {isa = PBXBuildFile; fileRef = 9BAA3E9415E1A36300116E8E /* Security.framework */; };
		9BAA3E9715E1A37600116E8E /* SystemConfiguration.framework in Frameworks */ = {isa = PBXBuildFile; fileRef = 9BAA3E9615E1A37600116E8E /* SystemConfiguration.framework */; };
		9BAA3E9915E1A38200116E8E /* QuartzCore.framework in Frameworks */ = {isa = PBXBuildFile; fileRef = 9BAA3E9815E1A38200116E8E /* QuartzCore.framework */; };
		9BAA3E9B15E1A39200116E8E /* libxml2.dylib in Frameworks */ = {isa = PBXBuildFile; fileRef = 9BAA3E9A15E1A39200116E8E /* libxml2.dylib */; };
/* End PBXBuildFile section */

/* Begin PBXContainerItemProxy section */
		9BAA390615E1726F00116E8E /* PBXContainerItemProxy */ = {
			isa = PBXContainerItemProxy;
			containerPortal = 9BAA38D715E1726F00116E8E /* Project object */;
			proxyType = 1;
			remoteGlobalIDString = 9BAA38DF15E1726F00116E8E;
			remoteInfo = TenMinuters;
		};
/* End PBXContainerItemProxy section */

/* Begin PBXFileReference section */
		9BAA38E015E1726F00116E8E /* TenMinuters.app */ = {isa = PBXFileReference; explicitFileType = wrapper.application; includeInIndex = 0; path = TenMinuters.app; sourceTree = BUILT_PRODUCTS_DIR; };
		9BAA38E415E1726F00116E8E /* UIKit.framework */ = {isa = PBXFileReference; lastKnownFileType = wrapper.framework; name = UIKit.framework; path = System/Library/Frameworks/UIKit.framework; sourceTree = SDKROOT; };
		9BAA38E615E1726F00116E8E /* Foundation.framework */ = {isa = PBXFileReference; lastKnownFileType = wrapper.framework; name = Foundation.framework; path = System/Library/Frameworks/Foundation.framework; sourceTree = SDKROOT; };
		9BAA38E815E1726F00116E8E /* CoreGraphics.framework */ = {isa = PBXFileReference; lastKnownFileType = wrapper.framework; name = CoreGraphics.framework; path = System/Library/Frameworks/CoreGraphics.framework; sourceTree = SDKROOT; };
		9BAA38EA15E1726F00116E8E /* CoreData.framework */ = {isa = PBXFileReference; lastKnownFileType = wrapper.framework; name = CoreData.framework; path = System/Library/Frameworks/CoreData.framework; sourceTree = SDKROOT; };
		9BAA390015E1726F00116E8E /* TenMinutersTests.octest */ = {isa = PBXFileReference; explicitFileType = wrapper.cfbundle; includeInIndex = 0; path = TenMinutersTests.octest; sourceTree = BUILT_PRODUCTS_DIR; };
		9BAA390115E1726F00116E8E /* SenTestingKit.framework */ = {isa = PBXFileReference; lastKnownFileType = wrapper.framework; name = SenTestingKit.framework; path = Library/Frameworks/SenTestingKit.framework; sourceTree = DEVELOPER_DIR; };
		9BAA390A15E1726F00116E8E /* TenMinutersTests-Info.plist */ = {isa = PBXFileReference; lastKnownFileType = text.plist.xml; path = "TenMinutersTests-Info.plist"; sourceTree = "<group>"; };
		9BAA390C15E1726F00116E8E /* en */ = {isa = PBXFileReference; lastKnownFileType = text.plist.strings; name = en; path = en.lproj/InfoPlist.strings; sourceTree = "<group>"; };
		9BAA390E15E1726F00116E8E /* TenMinutersTests.h */ = {isa = PBXFileReference; lastKnownFileType = sourcecode.c.h; path = TenMinutersTests.h; sourceTree = "<group>"; };
		9BAA390F15E1726F00116E8E /* TenMinutersTests.m */ = {isa = PBXFileReference; lastKnownFileType = sourcecode.c.objc; path = TenMinutersTests.m; sourceTree = "<group>"; };
		9BAA393715E1748700116E8E /* README.md */ = {isa = PBXFileReference; fileEncoding = 4; lastKnownFileType = text; path = README.md; sourceTree = "<group>"; };
		9BAA395415E17D0400116E8E /* AppDelegate.h */ = {isa = PBXFileReference; fileEncoding = 4; lastKnownFileType = sourcecode.c.h; path = AppDelegate.h; sourceTree = "<group>"; };
		9BAA395515E17D0400116E8E /* AppDelegate.m */ = {isa = PBXFileReference; fileEncoding = 4; lastKnownFileType = sourcecode.c.objc; path = AppDelegate.m; sourceTree = "<group>"; };
		9BAA395A15E17D0400116E8E /* en */ = {isa = PBXFileReference; lastKnownFileType = text.plist.strings; name = en; path = en.lproj/InfoPlist.strings; sourceTree = "<group>"; };
		9BAA395B15E17D0400116E8E /* main.m */ = {isa = PBXFileReference; fileEncoding = 4; lastKnownFileType = sourcecode.c.objc; path = main.m; sourceTree = "<group>"; };
		9BAA396015E17D0400116E8E /* TenMinuters-Info.plist */ = {isa = PBXFileReference; fileEncoding = 4; lastKnownFileType = text.plist.xml; path = "TenMinuters-Info.plist"; sourceTree = "<group>"; };
		9BAA396115E17D0400116E8E /* TenMinuters-Prefix.pch */ = {isa = PBXFileReference; fileEncoding = 4; lastKnownFileType = sourcecode.c.h; path = "TenMinuters-Prefix.pch"; sourceTree = "<group>"; };
		9BAA396315E17D0400116E8E /* TenMinuters.xcdatamodel */ = {isa = PBXFileReference; lastKnownFileType = wrapper.xcdatamodel; path = TenMinuters.xcdatamodel; sourceTree = "<group>"; };
		9BAA396915E19C1300116E8E /* DetailViewController.xib */ = {isa = PBXFileReference; fileEncoding = 4; lastKnownFileType = file.xib; path = DetailViewController.xib; sourceTree = "<group>"; };
		9BAA396A15E19C1300116E8E /* HomeViewController.xib */ = {isa = PBXFileReference; fileEncoding = 4; lastKnownFileType = file.xib; path = HomeViewController.xib; sourceTree = "<group>"; };
		9BAA396B15E19C1300116E8E /* ListViewController.xib */ = {isa = PBXFileReference; fileEncoding = 4; lastKnownFileType = file.xib; path = ListViewController.xib; sourceTree = "<group>"; };
		9BAA396F15E19C3100116E8E /* Constant.h */ = {isa = PBXFileReference; fileEncoding = 4; lastKnownFileType = sourcecode.c.h; path = Constant.h; sourceTree = "<group>"; };
		9BAA397015E19C3100116E8E /* Constant.m */ = {isa = PBXFileReference; fileEncoding = 4; lastKnownFileType = sourcecode.c.objc; path = Constant.m; sourceTree = "<group>"; };
		9BAA397215E19E0400116E8E /* News.h */ = {isa = PBXFileReference; fileEncoding = 4; lastKnownFileType = sourcecode.c.h; path = News.h; sourceTree = "<group>"; };
		9BAA397315E19E0400116E8E /* News.m */ = {isa = PBXFileReference; fileEncoding = 4; lastKnownFileType = sourcecode.c.objc; path = News.m; sourceTree = "<group>"; };
		9BAA397415E19E0400116E8E /* NewsProviderProtocol.h */ = {isa = PBXFileReference; fileEncoding = 4; lastKnownFileType = sourcecode.c.h; path = NewsProviderProtocol.h; sourceTree = "<group>"; };
		9BAA397515E19E0400116E8E /* NYTNewsWire.h */ = {isa = PBXFileReference; fileEncoding = 4; lastKnownFileType = sourcecode.c.h; path = NYTNewsWire.h; sourceTree = "<group>"; };
		9BAA397615E19E0400116E8E /* NYTNewsWire.m */ = {isa = PBXFileReference; fileEncoding = 4; lastKnownFileType = sourcecode.c.objc; path = NYTNewsWire.m; sourceTree = "<group>"; };
		9BAA397915E19E1B00116E8E /* ContentManager.h */ = {isa = PBXFileReference; fileEncoding = 4; lastKnownFileType = sourcecode.c.h; path = ContentManager.h; sourceTree = "<group>"; };
		9BAA397A15E19E1B00116E8E /* ContentManager.m */ = {isa = PBXFileReference; fileEncoding = 4; lastKnownFileType = sourcecode.c.objc; path = ContentManager.m; sourceTree = "<group>"; };
		9BAA397B15E19E1B00116E8E /* ContentRequesterProtocol.h */ = {isa = PBXFileReference; fileEncoding = 4; lastKnownFileType = sourcecode.c.h; path = ContentRequesterProtocol.h; sourceTree = "<group>"; };
		9BAA397D15E19E3E00116E8E /* DetailViewController.h */ = {isa = PBXFileReference; fileEncoding = 4; lastKnownFileType = sourcecode.c.h; path = DetailViewController.h; sourceTree = "<group>"; };
		9BAA397E15E19E3E00116E8E /* DetailViewController.m */ = {isa = PBXFileReference; fileEncoding = 4; lastKnownFileType = sourcecode.c.objc; path = DetailViewController.m; sourceTree = "<group>"; };
		9BAA397F15E19E3E00116E8E /* HomeViewController.h */ = {isa = PBXFileReference; fileEncoding = 4; lastKnownFileType = sourcecode.c.h; path = HomeViewController.h; sourceTree = "<group>"; };
		9BAA398015E19E3E00116E8E /* HomeViewController.m */ = {isa = PBXFileReference; fileEncoding = 4; lastKnownFileType = sourcecode.c.objc; path = HomeViewController.m; sourceTree = "<group>"; };
		9BAA398115E19E3E00116E8E /* ListViewController.h */ = {isa = PBXFileReference; fileEncoding = 4; lastKnownFileType = sourcecode.c.h; path = ListViewController.h; sourceTree = "<group>"; };
		9BAA398215E19E3E00116E8E /* ListViewController.m */ = {isa = PBXFileReference; fileEncoding = 4; lastKnownFileType = sourcecode.c.objc; path = ListViewController.m; sourceTree = "<group>"; };
		9BAA3E9015E1A33E00116E8E /* CFNetwork.framework */ = {isa = PBXFileReference; lastKnownFileType = wrapper.framework; name = CFNetwork.framework; path = System/Library/Frameworks/CFNetwork.framework; sourceTree = SDKROOT; };
		9BAA3E9215E1A35500116E8E /* MobileCoreServices.framework */ = {isa = PBXFileReference; lastKnownFileType = wrapper.framework; name = MobileCoreServices.framework; path = System/Library/Frameworks/MobileCoreServices.framework; sourceTree = SDKROOT; };
		9BAA3E9415E1A36300116E8E /* Security.framework */ = {isa = PBXFileReference; lastKnownFileType = wrapper.framework; name = Security.framework; path = System/Library/Frameworks/Security.framework; sourceTree = SDKROOT; };
		9BAA3E9615E1A37600116E8E /* SystemConfiguration.framework */ = {isa = PBXFileReference; lastKnownFileType = wrapper.framework; name = SystemConfiguration.framework; path = System/Library/Frameworks/SystemConfiguration.framework; sourceTree = SDKROOT; };
		9BAA3E9815E1A38200116E8E /* QuartzCore.framework */ = {isa = PBXFileReference; lastKnownFileType = wrapper.framework; name = QuartzCore.framework; path = System/Library/Frameworks/QuartzCore.framework; sourceTree = SDKROOT; };
		9BAA3E9A15E1A39200116E8E /* libxml2.dylib */ = {isa = PBXFileReference; lastKnownFileType = "compiled.mach-o.dylib"; name = libxml2.dylib; path = usr/lib/libxml2.dylib; sourceTree = SDKROOT; };
/* End PBXFileReference section */

/* Begin PBXFrameworksBuildPhase section */
		9BAA38DD15E1726F00116E8E /* Frameworks */ = {
			isa = PBXFrameworksBuildPhase;
			buildActionMask = 2147483647;
			files = (
				9BAA3E9B15E1A39200116E8E /* libxml2.dylib in Frameworks */,
				9BAA3E9915E1A38200116E8E /* QuartzCore.framework in Frameworks */,
				9BAA3E9715E1A37600116E8E /* SystemConfiguration.framework in Frameworks */,
				9BAA3E9515E1A36300116E8E /* Security.framework in Frameworks */,
				9BAA3E9315E1A35500116E8E /* MobileCoreServices.framework in Frameworks */,
				9BAA38EB15E1726F00116E8E /* CoreData.framework in Frameworks */,
				9BAA3E9115E1A33E00116E8E /* CFNetwork.framework in Frameworks */,
				9BAA38E515E1726F00116E8E /* UIKit.framework in Frameworks */,
				9BAA38E715E1726F00116E8E /* Foundation.framework in Frameworks */,
				9BAA38E915E1726F00116E8E /* CoreGraphics.framework in Frameworks */,
			);
			runOnlyForDeploymentPostprocessing = 0;
		};
		9BAA38FC15E1726F00116E8E /* Frameworks */ = {
			isa = PBXFrameworksBuildPhase;
			buildActionMask = 2147483647;
			files = (
				9BAA390215E1726F00116E8E /* SenTestingKit.framework in Frameworks */,
				9BAA390315E1726F00116E8E /* UIKit.framework in Frameworks */,
				9BAA390415E1726F00116E8E /* Foundation.framework in Frameworks */,
				9BAA390515E1726F00116E8E /* CoreData.framework in Frameworks */,
			);
			runOnlyForDeploymentPostprocessing = 0;
		};
/* End PBXFrameworksBuildPhase section */

/* Begin PBXGroup section */
		9BAA38D515E1726F00116E8E = {
			isa = PBXGroup;
			children = (
				9BAA393715E1748700116E8E /* README.md */,
				9BAA395115E17D0400116E8E /* TenMinuters */,
				9BAA390815E1726F00116E8E /* TenMinutersTests */,
				9BAA38E315E1726F00116E8E /* Frameworks */,
				9BAA38E115E1726F00116E8E /* Products */,
			);
			sourceTree = "<group>";
		};
		9BAA38E115E1726F00116E8E /* Products */ = {
			isa = PBXGroup;
			children = (
				9BAA38E015E1726F00116E8E /* TenMinuters.app */,
				9BAA390015E1726F00116E8E /* TenMinutersTests.octest */,
			);
			name = Products;
			sourceTree = "<group>";
		};
		9BAA38E315E1726F00116E8E /* Frameworks */ = {
			isa = PBXGroup;
			children = (
				9BAA3E9A15E1A39200116E8E /* libxml2.dylib */,
				9BAA3E9815E1A38200116E8E /* QuartzCore.framework */,
				9BAA3E9615E1A37600116E8E /* SystemConfiguration.framework */,
				9BAA3E9415E1A36300116E8E /* Security.framework */,
				9BAA3E9215E1A35500116E8E /* MobileCoreServices.framework */,
				9BAA3E9015E1A33E00116E8E /* CFNetwork.framework */,
				9BAA38E415E1726F00116E8E /* UIKit.framework */,
				9BAA38E615E1726F00116E8E /* Foundation.framework */,
				9BAA38E815E1726F00116E8E /* CoreGraphics.framework */,
				9BAA38EA15E1726F00116E8E /* CoreData.framework */,
				9BAA390115E1726F00116E8E /* SenTestingKit.framework */,
			);
			name = Frameworks;
			sourceTree = "<group>";
		};
		9BAA390815E1726F00116E8E /* TenMinutersTests */ = {
			isa = PBXGroup;
			children = (
				9BAA390E15E1726F00116E8E /* TenMinutersTests.h */,
				9BAA390F15E1726F00116E8E /* TenMinutersTests.m */,
				9BAA390915E1726F00116E8E /* Supporting Files */,
			);
			path = TenMinutersTests;
			sourceTree = "<group>";
		};
		9BAA390915E1726F00116E8E /* Supporting Files */ = {
			isa = PBXGroup;
			children = (
				9BAA390A15E1726F00116E8E /* TenMinutersTests-Info.plist */,
				9BAA390B15E1726F00116E8E /* InfoPlist.strings */,
			);
			name = "Supporting Files";
			sourceTree = "<group>";
		};
		9BAA395115E17D0400116E8E /* TenMinuters */ = {
			isa = PBXGroup;
			children = (
				9BAA395215E17D0400116E8E /* Code */,
				9BAA395C15E17D0400116E8E /* Resources */,
				9BAA398615E19FE600116E8E /* Libraries */,
				9BAA395915E17D0400116E8E /* InfoPlist.strings */,
				9BAA395B15E17D0400116E8E /* main.m */,
				9BAA396015E17D0400116E8E /* TenMinuters-Info.plist */,
				9BAA396115E17D0400116E8E /* TenMinuters-Prefix.pch */,
				9BAA396215E17D0400116E8E /* TenMinuters.xcdatamodeld */,
			);
			path = TenMinuters;
			sourceTree = "<group>";
		};
		9BAA395215E17D0400116E8E /* Code */ = {
			isa = PBXGroup;
			children = (
				9BAA395315E17D0400116E8E /* AppDelegate */,
				9BAA395615E17D0400116E8E /* Controllers */,
				9BAA395715E17D0400116E8E /* Helpers */,
				9BAA395815E17D0400116E8E /* Models */,
			);
			path = Code;
			sourceTree = "<group>";
		};
		9BAA395315E17D0400116E8E /* AppDelegate */ = {
			isa = PBXGroup;
			children = (
				9BAA395415E17D0400116E8E /* AppDelegate.h */,
				9BAA395515E17D0400116E8E /* AppDelegate.m */,
			);
			path = AppDelegate;
			sourceTree = "<group>";
		};
		9BAA395615E17D0400116E8E /* Controllers */ = {
			isa = PBXGroup;
			children = (
				9BAA397D15E19E3E00116E8E /* DetailViewController.h */,
				9BAA397E15E19E3E00116E8E /* DetailViewController.m */,
				9BAA397F15E19E3E00116E8E /* HomeViewController.h */,
				9BAA398015E19E3E00116E8E /* HomeViewController.m */,
				9BAA398115E19E3E00116E8E /* ListViewController.h */,
				9BAA398215E19E3E00116E8E /* ListViewController.m */,
			);
			path = Controllers;
			sourceTree = "<group>";
		};
		9BAA395715E17D0400116E8E /* Helpers */ = {
			isa = PBXGroup;
			children = (
				9BAA396F15E19C3100116E8E /* Constant.h */,
				9BAA397015E19C3100116E8E /* Constant.m */,
			);
			path = Helpers;
			sourceTree = "<group>";
		};
		9BAA395815E17D0400116E8E /* Models */ = {
			isa = PBXGroup;
			children = (
				9BAA397915E19E1B00116E8E /* ContentManager.h */,
				9BAA397A15E19E1B00116E8E /* ContentManager.m */,
				9BAA397B15E19E1B00116E8E /* ContentRequesterProtocol.h */,
				9BAA397215E19E0400116E8E /* News.h */,
				9BAA397315E19E0400116E8E /* News.m */,
				9BAA397415E19E0400116E8E /* NewsProviderProtocol.h */,
				9BAA397515E19E0400116E8E /* NYTNewsWire.h */,
				9BAA397615E19E0400116E8E /* NYTNewsWire.m */,
			);
			path = Models;
			sourceTree = "<group>";
		};
		9BAA395C15E17D0400116E8E /* Resources */ = {
			isa = PBXGroup;
			children = (
				9BAA395D15E17D0400116E8E /* Images */,
				9BAA395E15E17D0400116E8E /* Nibs */,
				9BAA395F15E17D0400116E8E /* Sounds */,
			);
			path = Resources;
			sourceTree = "<group>";
		};
		9BAA395D15E17D0400116E8E /* Images */ = {
			isa = PBXGroup;
			children = (
			);
			path = Images;
			sourceTree = "<group>";
		};
		9BAA395E15E17D0400116E8E /* Nibs */ = {
			isa = PBXGroup;
			children = (
				9BAA396915E19C1300116E8E /* DetailViewController.xib */,
				9BAA396A15E19C1300116E8E /* HomeViewController.xib */,
				9BAA396B15E19C1300116E8E /* ListViewController.xib */,
			);
			path = Nibs;
			sourceTree = "<group>";
		};
		9BAA395F15E17D0400116E8E /* Sounds */ = {
			isa = PBXGroup;
			children = (
			);
			path = Sounds;
			sourceTree = "<group>";
		};
		9BAA398615E19FE600116E8E /* Libraries */ = {
			isa = PBXGroup;
			children = (
			);
			path = Libraries;
			sourceTree = "<group>";
		};
/* End PBXGroup section */

/* Begin PBXNativeTarget section */
		9BAA38DF15E1726F00116E8E /* TenMinuters */ = {
			isa = PBXNativeTarget;
			buildConfigurationList = 9BAA391315E1726F00116E8E /* Build configuration list for PBXNativeTarget "TenMinuters" */;
			buildPhases = (
				9BAA38DC15E1726F00116E8E /* Sources */,
				9BAA38DD15E1726F00116E8E /* Frameworks */,
				9BAA38DE15E1726F00116E8E /* Resources */,
			);
			buildRules = (
			);
			dependencies = (
			);
			name = TenMinuters;
			productName = TenMinuters;
			productReference = 9BAA38E015E1726F00116E8E /* TenMinuters.app */;
			productType = "com.apple.product-type.application";
		};
		9BAA38FF15E1726F00116E8E /* TenMinutersTests */ = {
			isa = PBXNativeTarget;
			buildConfigurationList = 9BAA391615E1726F00116E8E /* Build configuration list for PBXNativeTarget "TenMinutersTests" */;
			buildPhases = (
				9BAA38FB15E1726F00116E8E /* Sources */,
				9BAA38FC15E1726F00116E8E /* Frameworks */,
				9BAA38FD15E1726F00116E8E /* Resources */,
				9BAA38FE15E1726F00116E8E /* ShellScript */,
			);
			buildRules = (
			);
			dependencies = (
				9BAA390715E1726F00116E8E /* PBXTargetDependency */,
			);
			name = TenMinutersTests;
			productName = TenMinutersTests;
			productReference = 9BAA390015E1726F00116E8E /* TenMinutersTests.octest */;
			productType = "com.apple.product-type.bundle";
		};
/* End PBXNativeTarget section */

/* Begin PBXProject section */
		9BAA38D715E1726F00116E8E /* Project object */ = {
			isa = PBXProject;
			attributes = {
				LastUpgradeCheck = 0420;
				ORGANIZATIONNAME = "Carnegie Mellon University";
			};
			buildConfigurationList = 9BAA38DA15E1726F00116E8E /* Build configuration list for PBXProject "TenMinuters" */;
			compatibilityVersion = "Xcode 3.2";
			developmentRegion = English;
			hasScannedForEncodings = 0;
			knownRegions = (
				en,
			);
			mainGroup = 9BAA38D515E1726F00116E8E;
			productRefGroup = 9BAA38E115E1726F00116E8E /* Products */;
			projectDirPath = "";
			projectRoot = "";
			targets = (
				9BAA38DF15E1726F00116E8E /* TenMinuters */,
				9BAA38FF15E1726F00116E8E /* TenMinutersTests */,
			);
		};
/* End PBXProject section */

/* Begin PBXResourcesBuildPhase section */
		9BAA38DE15E1726F00116E8E /* Resources */ = {
			isa = PBXResourcesBuildPhase;
			buildActionMask = 2147483647;
			files = (
				9BAA393815E1748700116E8E /* README.md in Resources */,
				9BAA396515E17D0400116E8E /* InfoPlist.strings in Resources */,
				9BAA396715E17D0400116E8E /* TenMinuters-Info.plist in Resources */,
				9BAA396C15E19C1300116E8E /* DetailViewController.xib in Resources */,
				9BAA396D15E19C1300116E8E /* HomeViewController.xib in Resources */,
				9BAA396E15E19C1300116E8E /* ListViewController.xib in Resources */,
			);
			runOnlyForDeploymentPostprocessing = 0;
		};
		9BAA38FD15E1726F00116E8E /* Resources */ = {
			isa = PBXResourcesBuildPhase;
			buildActionMask = 2147483647;
			files = (
				9BAA390D15E1726F00116E8E /* InfoPlist.strings in Resources */,
			);
			runOnlyForDeploymentPostprocessing = 0;
		};
/* End PBXResourcesBuildPhase section */

/* Begin PBXShellScriptBuildPhase section */
		9BAA38FE15E1726F00116E8E /* ShellScript */ = {
			isa = PBXShellScriptBuildPhase;
			buildActionMask = 2147483647;
			files = (
			);
			inputPaths = (
			);
			outputPaths = (
			);
			runOnlyForDeploymentPostprocessing = 0;
			shellPath = /bin/sh;
			shellScript = "# Run the unit tests in this test bundle.\n\"${SYSTEM_DEVELOPER_DIR}/Tools/RunUnitTests\"\n";
		};
/* End PBXShellScriptBuildPhase section */

/* Begin PBXSourcesBuildPhase section */
		9BAA38DC15E1726F00116E8E /* Sources */ = {
			isa = PBXSourcesBuildPhase;
			buildActionMask = 2147483647;
			files = (
				9BAA396415E17D0400116E8E /* AppDelegate.m in Sources */,
				9BAA396615E17D0400116E8E /* main.m in Sources */,
				9BAA396815E17D0400116E8E /* TenMinuters.xcdatamodeld in Sources */,
				9BAA397115E19C3100116E8E /* Constant.m in Sources */,
				9BAA397715E19E0400116E8E /* News.m in Sources */,
				9BAA397815E19E0400116E8E /* NYTNewsWire.m in Sources */,
				9BAA397C15E19E1B00116E8E /* ContentManager.m in Sources */,
				9BAA398315E19E3E00116E8E /* DetailViewController.m in Sources */,
				9BAA398415E19E3E00116E8E /* HomeViewController.m in Sources */,
				9BAA398515E19E3E00116E8E /* ListViewController.m in Sources */,
			);
			runOnlyForDeploymentPostprocessing = 0;
		};
		9BAA38FB15E1726F00116E8E /* Sources */ = {
			isa = PBXSourcesBuildPhase;
			buildActionMask = 2147483647;
			files = (
				9BAA391015E1726F00116E8E /* TenMinutersTests.m in Sources */,
			);
			runOnlyForDeploymentPostprocessing = 0;
		};
/* End PBXSourcesBuildPhase section */

/* Begin PBXTargetDependency section */
		9BAA390715E1726F00116E8E /* PBXTargetDependency */ = {
			isa = PBXTargetDependency;
			target = 9BAA38DF15E1726F00116E8E /* TenMinuters */;
			targetProxy = 9BAA390615E1726F00116E8E /* PBXContainerItemProxy */;
		};
/* End PBXTargetDependency section */

/* Begin PBXVariantGroup section */
		9BAA390B15E1726F00116E8E /* InfoPlist.strings */ = {
			isa = PBXVariantGroup;
			children = (
				9BAA390C15E1726F00116E8E /* en */,
			);
			name = InfoPlist.strings;
			sourceTree = "<group>";
		};
		9BAA395915E17D0400116E8E /* InfoPlist.strings */ = {
			isa = PBXVariantGroup;
			children = (
				9BAA395A15E17D0400116E8E /* en */,
			);
			name = InfoPlist.strings;
			sourceTree = "<group>";
		};
/* End PBXVariantGroup section */

/* Begin XCBuildConfiguration section */
		9BAA391115E1726F00116E8E /* Debug */ = {
			isa = XCBuildConfiguration;
			buildSettings = {
				ALWAYS_SEARCH_USER_PATHS = NO;
				ARCHS = "$(ARCHS_STANDARD_32_BIT)";
				CLANG_ENABLE_OBJC_ARC = YES;
				"CODE_SIGN_IDENTITY[sdk=iphoneos*]" = "iPhone Developer";
				COPY_PHASE_STRIP = NO;
				GCC_C_LANGUAGE_STANDARD = gnu99;
				GCC_DYNAMIC_NO_PIC = NO;
				GCC_OPTIMIZATION_LEVEL = 0;
				GCC_PREPROCESSOR_DEFINITIONS = (
					"DEBUG=1",
					"$(inherited)",
				);
				GCC_SYMBOLS_PRIVATE_EXTERN = NO;
				GCC_VERSION = com.apple.compilers.llvm.clang.1_0;
				GCC_WARN_ABOUT_MISSING_PROTOTYPES = YES;
				GCC_WARN_ABOUT_RETURN_TYPE = YES;
				GCC_WARN_UNUSED_VARIABLE = YES;
				IPHONEOS_DEPLOYMENT_TARGET = 5.1;
				SDKROOT = iphoneos;
			};
			name = Debug;
		};
		9BAA391215E1726F00116E8E /* Release */ = {
			isa = XCBuildConfiguration;
			buildSettings = {
				ALWAYS_SEARCH_USER_PATHS = NO;
				ARCHS = "$(ARCHS_STANDARD_32_BIT)";
				CLANG_ENABLE_OBJC_ARC = YES;
				"CODE_SIGN_IDENTITY[sdk=iphoneos*]" = "iPhone Developer";
				COPY_PHASE_STRIP = YES;
				GCC_C_LANGUAGE_STANDARD = gnu99;
				GCC_VERSION = com.apple.compilers.llvm.clang.1_0;
				GCC_WARN_ABOUT_MISSING_PROTOTYPES = YES;
				GCC_WARN_ABOUT_RETURN_TYPE = YES;
				GCC_WARN_UNUSED_VARIABLE = YES;
				IPHONEOS_DEPLOYMENT_TARGET = 5.1;
				OTHER_CFLAGS = "-DNS_BLOCK_ASSERTIONS=1";
				SDKROOT = iphoneos;
				VALIDATE_PRODUCT = YES;
			};
			name = Release;
		};
		9BAA391415E1726F00116E8E /* Debug */ = {
			isa = XCBuildConfiguration;
			buildSettings = {
				FRAMEWORK_SEARCH_PATHS = (
					"$(inherited)",
					"\"$(SRCROOT)/TenMinuters/Libraries/RestKit/Tests/Vendor/OCHamcrest\"",
				);
				GCC_PRECOMPILE_PREFIX_HEADER = YES;
				GCC_PREFIX_HEADER = "TenMinuters/TenMinuters-Prefix.pch";
				HEADER_SEARCH_PATHS = "\"$(BUILT_PRODUCTS_DIR)/../../TenMinuters/Libraries/RestKit/Build/Headers\"";
				INFOPLIST_FILE = "TenMinuters/TenMinuters-Info.plist";
				IPHONEOS_DEPLOYMENT_TARGET = 5.0;
				OTHER_LDFLAGS = (
					"-ObjC",
					"-all_load",
				);
				PRODUCT_NAME = "$(TARGET_NAME)";
				WRAPPER_EXTENSION = app;
			};
			name = Debug;
		};
		9BAA391515E1726F00116E8E /* Release */ = {
			isa = XCBuildConfiguration;
			buildSettings = {
				FRAMEWORK_SEARCH_PATHS = (
					"$(inherited)",
					"\"$(SRCROOT)/TenMinuters/Libraries/RestKit/Tests/Vendor/OCHamcrest\"",
				);
				GCC_PRECOMPILE_PREFIX_HEADER = YES;
				GCC_PREFIX_HEADER = "TenMinuters/TenMinuters-Prefix.pch";
				HEADER_SEARCH_PATHS = "\"$(BUILT_PRODUCTS_DIR)/../../TenMinuters/Libraries/RestKit/Build/Headers\"";
				INFOPLIST_FILE = "TenMinuters/TenMinuters-Info.plist";
				IPHONEOS_DEPLOYMENT_TARGET = 5.0;
				OTHER_LDFLAGS = (
					"-ObjC",
					"-all_load",
				);
				PRODUCT_NAME = "$(TARGET_NAME)";
				WRAPPER_EXTENSION = app;
			};
			name = Release;
		};
		9BAA391715E1726F00116E8E /* Debug */ = {
			isa = XCBuildConfiguration;
			buildSettings = {
				BUNDLE_LOADER = "$(BUILT_PRODUCTS_DIR)/TenMinuters.app/TenMinuters";
				FRAMEWORK_SEARCH_PATHS = (
					"$(SDKROOT)/Developer/Library/Frameworks",
					"$(DEVELOPER_LIBRARY_DIR)/Frameworks",
				);
				GCC_PRECOMPILE_PREFIX_HEADER = YES;
				GCC_PREFIX_HEADER = "TenMinuters/TenMinuters-Prefix.pch";
				INFOPLIST_FILE = "TenMinutersTests/TenMinutersTests-Info.plist";
				PRODUCT_NAME = "$(TARGET_NAME)";
				TEST_HOST = "$(BUNDLE_LOADER)";
				WRAPPER_EXTENSION = octest;
			};
			name = Debug;
		};
		9BAA391815E1726F00116E8E /* Release */ = {
			isa = XCBuildConfiguration;
			buildSettings = {
				BUNDLE_LOADER = "$(BUILT_PRODUCTS_DIR)/TenMinuters.app/TenMinuters";
				FRAMEWORK_SEARCH_PATHS = (
					"$(SDKROOT)/Developer/Library/Frameworks",
					"$(DEVELOPER_LIBRARY_DIR)/Frameworks",
				);
				GCC_PRECOMPILE_PREFIX_HEADER = YES;
				GCC_PREFIX_HEADER = "TenMinuters/TenMinuters-Prefix.pch";
				INFOPLIST_FILE = "TenMinutersTests/TenMinutersTests-Info.plist";
				PRODUCT_NAME = "$(TARGET_NAME)";
				TEST_HOST = "$(BUNDLE_LOADER)";
				WRAPPER_EXTENSION = octest;
			};
			name = Release;
		};
/* End XCBuildConfiguration section */

/* Begin XCConfigurationList section */
		9BAA38DA15E1726F00116E8E /* Build configuration list for PBXProject "TenMinuters" */ = {
			isa = XCConfigurationList;
			buildConfigurations = (
				9BAA391115E1726F00116E8E /* Debug */,
				9BAA391215E1726F00116E8E /* Release */,
			);
			defaultConfigurationIsVisible = 0;
			defaultConfigurationName = Release;
		};
		9BAA391315E1726F00116E8E /* Build configuration list for PBXNativeTarget "TenMinuters" */ = {
			isa = XCConfigurationList;
			buildConfigurations = (
				9BAA391415E1726F00116E8E /* Debug */,
				9BAA391515E1726F00116E8E /* Release */,
			);
			defaultConfigurationIsVisible = 0;
			defaultConfigurationName = Release;
		};
		9BAA391615E1726F00116E8E /* Build configuration list for PBXNativeTarget "TenMinutersTests" */ = {
			isa = XCConfigurationList;
			buildConfigurations = (
				9BAA391715E1726F00116E8E /* Debug */,
				9BAA391815E1726F00116E8E /* Release */,
			);
			defaultConfigurationIsVisible = 0;
			defaultConfigurationName = Release;
		};
/* End XCConfigurationList section */

/* Begin XCVersionGroup section */
		9BAA396215E17D0400116E8E /* TenMinuters.xcdatamodeld */ = {
			isa = XCVersionGroup;
			children = (
				9BAA396315E17D0400116E8E /* TenMinuters.xcdatamodel */,
			);
			currentVersion = 9BAA396315E17D0400116E8E /* TenMinuters.xcdatamodel */;
			path = TenMinuters.xcdatamodeld;
			sourceTree = "<group>";
			versionGroupType = wrapper.xcdatamodel;
		};
/* End XCVersionGroup section */
	};
	rootObject = 9BAA38D715E1726F00116E8E /* Project object */;
}
